
Microsoft Visual Studio Solution File, Format Version 12.00
# Visual Studio 15
Project("{FAE04EC0-301F-11D3-BF4B-00C04F79EFBC}") = "Assembly-CSharp", "Assembly-CSharp.csproj", "{AB56B5EE-39FE-65DF-FE06-94CF35C0EF7D}"
EndProject
Project("{FAE04EC0-301F-11D3-BF4B-00C04F79EFBC}") = "Assembly-CSharp-Editor", "Assembly-CSharp-Editor.csproj", "{9DBAEDEE-8901-67AE-B13C-0311EEE66694}"
EndProject
Global
	GlobalSection(SolutionConfigurationPlatforms) = preSolution
		Debug|Any CPU = Debug|Any CPU
		Release|Any CPU = Release|Any CPU
	EndGlobalSection
	GlobalSection(ProjectConfigurationPlatforms) = postSolution
		{AB56B5EE-39FE-65DF-FE06-94CF35C0EF7D}.Debug|Any CPU.ActiveCfg = Debug|Any CPU
		{AB56B5EE-39FE-65DF-FE06-94CF35C0EF7D}.Debug|Any CPU.Build.0 = Debug|Any CPU
		{AB56B5EE-39FE-65DF-FE06-94CF35C0EF7D}.Release|Any CPU.ActiveCfg = Release|Any CPU
		{AB56B5EE-39FE-65DF-FE06-94CF35C0EF7D}.Release|Any CPU.Build.0 = Release|Any CPU
		{9DBAEDEE-8901-67AE-B13C-0311EEE66694}.Debug|Any CPU.ActiveCfg = Debug|Any CPU
		{9DBAEDEE-8901-67AE-B13C-0311EEE66694}.Debug|Any CPU.Build.0 = Debug|Any CPU
		{9DBAEDEE-8901-67AE-B13C-0311EEE66694}.Release|Any CPU.ActiveCfg = Release|Any CPU
		{9DBAEDEE-8901-67AE-B13C-0311EEE66694}.Release|Any CPU.Build.0 = Release|Any CPU
	EndGlobalSection
	GlobalSection(SolutionProperties) = preSolution
		HideSolutionNode = FALSE
	EndGlobalSection
EndGlobal
